
Microsoft Visual Studio Solution File, Format Version 10.00
# Visual Studio 2008
Project("{8BC9CEB8-8B4A-11D0-8D11-00A0C91BC942}") = "kg_gui", "kg_gui\kg_gui.vcproj", "{9669A609-51D3-4E64-963C-CCC64FB7EA07}"
EndProject
Global
	GlobalSection(SolutionConfigurationPlatforms) = preSolution
		Debug|Win32 = Debug|Win32
		Release|Win32 = Release|Win32
	EndGlobalSection
	GlobalSection(ProjectConfigurationPlatforms) = postSolution
		{9669A609-51D3-4E64-963C-CCC64FB7EA07}.Debug|Win32.ActiveCfg = Debug|Win32
		{9669A609-51D3-4E64-963C-CCC64FB7EA07}.Debug|Win32.Build.0 = Debug|Win32
		{9669A609-51D3-4E64-963C-CCC64FB7EA07}.Release|Win32.ActiveCfg = Release|Win32
		{9669A609-51D3-4E64-963C-CCC64FB7EA07}.Release|Win32.Build.0 = Release|Win32
	EndGlobalSection
	GlobalSection(SolutionProperties) = preSolution
		HideSolutionNode = FALSE
	EndGlobalSection
EndGlobal
